// !$*UTF8*$!
{
	archiveVersion = 1;
	classes = {
	};
	objectVersion = 51;
	objects = {

/* Begin PBXBuildFile section */
		0454A50F305B26CD07005FCD /* Pods_ParstagramTests.framework in Frameworks */ = {isa = PBXBuildFile; fileRef = AF5D7FCA07A6F18F1FDB438E /* Pods_ParstagramTests.framework */; };
		6A6E06CA237F7CEE004787A8 /* AppDelegate.swift in Sources */ = {isa = PBXBuildFile; fileRef = 6A6E06C9237F7CEE004787A8 /* AppDelegate.swift */; };
		6A6E06CC237F7CEE004787A8 /* SceneDelegate.swift in Sources */ = {isa = PBXBuildFile; fileRef = 6A6E06CB237F7CEE004787A8 /* SceneDelegate.swift */; };
		6A6E06D1237F7CEE004787A8 /* Main.storyboard in Resources */ = {isa = PBXBuildFile; fileRef = 6A6E06CF237F7CEE004787A8 /* Main.storyboard */; };
		6A6E06D3237F7CF0004787A8 /* Assets.xcassets in Resources */ = {isa = PBXBuildFile; fileRef = 6A6E06D2237F7CF0004787A8 /* Assets.xcassets */; };
		6A6E06D6237F7CF0004787A8 /* LaunchScreen.storyboard in Resources */ = {isa = PBXBuildFile; fileRef = 6A6E06D4237F7CF0004787A8 /* LaunchScreen.storyboard */; };
		6A6E06E1237F7CF0004787A8 /* ParstagramTests.swift in Sources */ = {isa = PBXBuildFile; fileRef = 6A6E06E0237F7CF0004787A8 /* ParstagramTests.swift */; };
		6A6E06EC237F7CF0004787A8 /* ParstagramUITests.swift in Sources */ = {isa = PBXBuildFile; fileRef = 6A6E06EB237F7CF0004787A8 /* ParstagramUITests.swift */; };
		6AAFBA1F237F8B1900D6E853 /* LoginViewController.swift in Sources */ = {isa = PBXBuildFile; fileRef = 6AAFBA1E237F8B1900D6E853 /* LoginViewController.swift */; };
		6AAFBA21237F969800D6E853 /* ComposeViewController.swift in Sources */ = {isa = PBXBuildFile; fileRef = 6AAFBA20237F969800D6E853 /* ComposeViewController.swift */; };
		6AAFBA23237FB55A00D6E853 /* PostCell.swift in Sources */ = {isa = PBXBuildFile; fileRef = 6AAFBA22237FB55A00D6E853 /* PostCell.swift */; };
		6AAFBA29237FB7C200D6E853 /* FeedView.swift in Sources */ = {isa = PBXBuildFile; fileRef = 6AAFBA28237FB7C200D6E853 /* FeedView.swift */; };
		7872E39FC5B3B1CD51093DBA /* Pods_Parstagram_ParstagramUITests.framework in Frameworks */ = {isa = PBXBuildFile; fileRef = 21EA50A9FFBE95808826C372 /* Pods_Parstagram_ParstagramUITests.framework */; };
		F998BAAD0ABCBF5AF060DD68 /* Pods_Parstagram.framework in Frameworks */ = {isa = PBXBuildFile; fileRef = F2C69315767690DB83BA8075 /* Pods_Parstagram.framework */; };
/* End PBXBuildFile section */

/* Begin PBXContainerItemProxy section */
		6A6E06DD237F7CF0004787A8 /* PBXContainerItemProxy */ = {
			isa = PBXContainerItemProxy;
			containerPortal = 6A6E06BE237F7CEE004787A8 /* Project object */;
			proxyType = 1;
			remoteGlobalIDString = 6A6E06C5237F7CEE004787A8;
			remoteInfo = Parstagram;
		};
		6A6E06E8237F7CF0004787A8 /* PBXContainerItemProxy */ = {
			isa = PBXContainerItemProxy;
			containerPortal = 6A6E06BE237F7CEE004787A8 /* Project object */;
			proxyType = 1;
			remoteGlobalIDString = 6A6E06C5237F7CEE004787A8;
			remoteInfo = Parstagram;
		};
/* End PBXContainerItemProxy section */

/* Begin PBXFileReference section */
		13E4C0750A585D3874D606E5 /* Pods-Parstagram-ParstagramUITests.release.xcconfig */ = {isa = PBXFileReference; includeInIndex = 1; lastKnownFileType = text.xcconfig; name = "Pods-Parstagram-ParstagramUITests.release.xcconfig"; path = "Target Support Files/Pods-Parstagram-ParstagramUITests/Pods-Parstagram-ParstagramUITests.release.xcconfig"; sourceTree = "<group>"; };
		21EA50A9FFBE95808826C372 /* Pods_Parstagram_ParstagramUITests.framework */ = {isa = PBXFileReference; explicitFileType = wrapper.framework; includeInIndex = 0; path = Pods_Parstagram_ParstagramUITests.framework; sourceTree = BUILT_PRODUCTS_DIR; };
		6A6E06C6237F7CEE004787A8 /* Parstagram.app */ = {isa = PBXFileReference; explicitFileType = wrapper.application; includeInIndex = 0; path = Parstagram.app; sourceTree = BUILT_PRODUCTS_DIR; };
		6A6E06C9237F7CEE004787A8 /* AppDelegate.swift */ = {isa = PBXFileReference; lastKnownFileType = sourcecode.swift; path = AppDelegate.swift; sourceTree = "<group>"; };
		6A6E06CB237F7CEE004787A8 /* SceneDelegate.swift */ = {isa = PBXFileReference; lastKnownFileType = sourcecode.swift; path = SceneDelegate.swift; sourceTree = "<group>"; };
		6A6E06D0237F7CEE004787A8 /* Base */ = {isa = PBXFileReference; lastKnownFileType = file.storyboard; name = Base; path = Base.lproj/Main.storyboard; sourceTree = "<group>"; };
		6A6E06D2237F7CF0004787A8 /* Assets.xcassets */ = {isa = PBXFileReference; lastKnownFileType = folder.assetcatalog; path = Assets.xcassets; sourceTree = "<group>"; };
		6A6E06D5237F7CF0004787A8 /* Base */ = {isa = PBXFileReference; lastKnownFileType = file.storyboard; name = Base; path = Base.lproj/LaunchScreen.storyboard; sourceTree = "<group>"; };
		6A6E06D7237F7CF0004787A8 /* Info.plist */ = {isa = PBXFileReference; lastKnownFileType = text.plist.xml; path = Info.plist; sourceTree = "<group>"; };
		6A6E06DC237F7CF0004787A8 /* ParstagramTests.xctest */ = {isa = PBXFileReference; explicitFileType = wrapper.cfbundle; includeInIndex = 0; path = ParstagramTests.xctest; sourceTree = BUILT_PRODUCTS_DIR; };
		6A6E06E0237F7CF0004787A8 /* ParstagramTests.swift */ = {isa = PBXFileReference; lastKnownFileType = sourcecode.swift; path = ParstagramTests.swift; sourceTree = "<group>"; };
		6A6E06E2237F7CF0004787A8 /* Info.plist */ = {isa = PBXFileReference; lastKnownFileType = text.plist.xml; path = Info.plist; sourceTree = "<group>"; };
		6A6E06E7237F7CF0004787A8 /* ParstagramUITests.xctest */ = {isa = PBXFileReference; explicitFileType = wrapper.cfbundle; includeInIndex = 0; path = ParstagramUITests.xctest; sourceTree = BUILT_PRODUCTS_DIR; };
		6A6E06EB237F7CF0004787A8 /* ParstagramUITests.swift */ = {isa = PBXFileReference; lastKnownFileType = sourcecode.swift; path = ParstagramUITests.swift; sourceTree = "<group>"; };
		6A6E06ED237F7CF0004787A8 /* Info.plist */ = {isa = PBXFileReference; lastKnownFileType = text.plist.xml; path = Info.plist; sourceTree = "<group>"; };
		6AAFBA1E237F8B1900D6E853 /* LoginViewController.swift */ = {isa = PBXFileReference; lastKnownFileType = sourcecode.swift; path = LoginViewController.swift; sourceTree = "<group>"; };
		6AAFBA20237F969800D6E853 /* ComposeViewController.swift */ = {isa = PBXFileReference; lastKnownFileType = sourcecode.swift; path = ComposeViewController.swift; sourceTree = "<group>"; };
		6AAFBA22237FB55A00D6E853 /* PostCell.swift */ = {isa = PBXFileReference; lastKnownFileType = sourcecode.swift; path = PostCell.swift; sourceTree = "<group>"; };
		6AAFBA28237FB7C200D6E853 /* FeedView.swift */ = {isa = PBXFileReference; lastKnownFileType = sourcecode.swift; path = FeedView.swift; sourceTree = "<group>"; };
		7E17EA6AD021443AE822AA8E /* Pods-Parstagram.release.xcconfig */ = {isa = PBXFileReference; includeInIndex = 1; lastKnownFileType = text.xcconfig; name = "Pods-Parstagram.release.xcconfig"; path = "Target Support Files/Pods-Parstagram/Pods-Parstagram.release.xcconfig"; sourceTree = "<group>"; };
		A199BE0F8EF52A29B51AEB65 /* Pods-Parstagram.debug.xcconfig */ = {isa = PBXFileReference; includeInIndex = 1; lastKnownFileType = text.xcconfig; name = "Pods-Parstagram.debug.xcconfig"; path = "Target Support Files/Pods-Parstagram/Pods-Parstagram.debug.xcconfig"; sourceTree = "<group>"; };
		AF5D7FCA07A6F18F1FDB438E /* Pods_ParstagramTests.framework */ = {isa = PBXFileReference; explicitFileType = wrapper.framework; includeInIndex = 0; path = Pods_ParstagramTests.framework; sourceTree = BUILT_PRODUCTS_DIR; };
		B591C07947777C66E3E41723 /* Pods-Parstagram-ParstagramUITests.debug.xcconfig */ = {isa = PBXFileReference; includeInIndex = 1; lastKnownFileType = text.xcconfig; name = "Pods-Parstagram-ParstagramUITests.debug.xcconfig"; path = "Target Support Files/Pods-Parstagram-ParstagramUITests/Pods-Parstagram-ParstagramUITests.debug.xcconfig"; sourceTree = "<group>"; };
		D9393A66E6EA813C3A921DFA /* Pods-ParstagramTests.debug.xcconfig */ = {isa = PBXFileReference; includeInIndex = 1; lastKnownFileType = text.xcconfig; name = "Pods-ParstagramTests.debug.xcconfig"; path = "Target Support Files/Pods-ParstagramTests/Pods-ParstagramTests.debug.xcconfig"; sourceTree = "<group>"; };
		DB95B721A4C24D4CA170C67E /* Pods-ParstagramTests.release.xcconfig */ = {isa = PBXFileReference; includeInIndex = 1; lastKnownFileType = text.xcconfig; name = "Pods-ParstagramTests.release.xcconfig"; path = "Target Support Files/Pods-ParstagramTests/Pods-ParstagramTests.release.xcconfig"; sourceTree = "<group>"; };
		F2C69315767690DB83BA8075 /* Pods_Parstagram.framework */ = {isa = PBXFileReference; explicitFileType = wrapper.framework; includeInIndex = 0; path = Pods_Parstagram.framework; sourceTree = BUILT_PRODUCTS_DIR; };
/* End PBXFileReference section */

/* Begin PBXFrameworksBuildPhase section */
		6A6E06C3237F7CEE004787A8 /* Frameworks */ = {
			isa = PBXFrameworksBuildPhase;
			buildActionMask = 2147483647;
			files = (
				F998BAAD0ABCBF5AF060DD68 /* Pods_Parstagram.framework in Frameworks */,
			);
			runOnlyForDeploymentPostprocessing = 0;
		};
		6A6E06D9237F7CF0004787A8 /* Frameworks */ = {
			isa = PBXFrameworksBuildPhase;
			buildActionMask = 2147483647;
			files = (
				0454A50F305B26CD07005FCD /* Pods_ParstagramTests.framework in Frameworks */,
			);
			runOnlyForDeploymentPostprocessing = 0;
		};
		6A6E06E4237F7CF0004787A8 /* Frameworks */ = {
			isa = PBXFrameworksBuildPhase;
			buildActionMask = 2147483647;
			files = (
				7872E39FC5B3B1CD51093DBA /* Pods_Parstagram_ParstagramUITests.framework in Frameworks */,
			);
			runOnlyForDeploymentPostprocessing = 0;
		};
/* End PBXFrameworksBuildPhase section */

/* Begin PBXGroup section */
		1ECA447130392D942CB0671A /* Pods */ = {
			isa = PBXGroup;
			children = (
				A199BE0F8EF52A29B51AEB65 /* Pods-Parstagram.debug.xcconfig */,
				7E17EA6AD021443AE822AA8E /* Pods-Parstagram.release.xcconfig */,
				B591C07947777C66E3E41723 /* Pods-Parstagram-ParstagramUITests.debug.xcconfig */,
				13E4C0750A585D3874D606E5 /* Pods-Parstagram-ParstagramUITests.release.xcconfig */,
				D9393A66E6EA813C3A921DFA /* Pods-ParstagramTests.debug.xcconfig */,
				DB95B721A4C24D4CA170C67E /* Pods-ParstagramTests.release.xcconfig */,
			);
			path = Pods;
			sourceTree = "<group>";
		};
		4B77A54355A1FBBD6CBD6FC3 /* Frameworks */ = {
			isa = PBXGroup;
			children = (
				F2C69315767690DB83BA8075 /* Pods_Parstagram.framework */,
				21EA50A9FFBE95808826C372 /* Pods_Parstagram_ParstagramUITests.framework */,
				AF5D7FCA07A6F18F1FDB438E /* Pods_ParstagramTests.framework */,
			);
			name = Frameworks;
			sourceTree = "<group>";
		};
		6A6E06BD237F7CEE004787A8 = {
			isa = PBXGroup;
			children = (
				6A6E06C8237F7CEE004787A8 /* Parstagram */,
				6A6E06DF237F7CF0004787A8 /* ParstagramTests */,
				6A6E06EA237F7CF0004787A8 /* ParstagramUITests */,
				6A6E06C7237F7CEE004787A8 /* Products */,
				1ECA447130392D942CB0671A /* Pods */,
				4B77A54355A1FBBD6CBD6FC3 /* Frameworks */,
			);
			sourceTree = "<group>";
		};
		6A6E06C7237F7CEE004787A8 /* Products */ = {
			isa = PBXGroup;
			children = (
				6A6E06C6237F7CEE004787A8 /* Parstagram.app */,
				6A6E06DC237F7CF0004787A8 /* ParstagramTests.xctest */,
				6A6E06E7237F7CF0004787A8 /* ParstagramUITests.xctest */,
			);
			name = Products;
			sourceTree = "<group>";
		};
		6A6E06C8237F7CEE004787A8 /* Parstagram */ = {
			isa = PBXGroup;
			children = (
				6A6E06C9237F7CEE004787A8 /* AppDelegate.swift */,
				6A6E06CB237F7CEE004787A8 /* SceneDelegate.swift */,
				6A6E06CF237F7CEE004787A8 /* Main.storyboard */,
				6A6E06D2237F7CF0004787A8 /* Assets.xcassets */,
				6A6E06D4237F7CF0004787A8 /* LaunchScreen.storyboard */,
				6A6E06D7237F7CF0004787A8 /* Info.plist */,
				6AAFBA1E237F8B1900D6E853 /* LoginViewController.swift */,
				6AAFBA20237F969800D6E853 /* ComposeViewController.swift */,
				6AAFBA22237FB55A00D6E853 /* PostCell.swift */,
				6AAFBA28237FB7C200D6E853 /* FeedView.swift */,
			);
			path = Parstagram;
			sourceTree = "<group>";
		};
		6A6E06DF237F7CF0004787A8 /* ParstagramTests */ = {
			isa = PBXGroup;
			children = (
				6A6E06E0237F7CF0004787A8 /* ParstagramTests.swift */,
				6A6E06E2237F7CF0004787A8 /* Info.plist */,
			);
			path = ParstagramTests;
			sourceTree = "<group>";
		};
		6A6E06EA237F7CF0004787A8 /* ParstagramUITests */ = {
			isa = PBXGroup;
			children = (
				6A6E06EB237F7CF0004787A8 /* ParstagramUITests.swift */,
				6A6E06ED237F7CF0004787A8 /* Info.plist */,
			);
			path = ParstagramUITests;
			sourceTree = "<group>";
		};
/* End PBXGroup section */

/* Begin PBXNativeTarget section */
		6A6E06C5237F7CEE004787A8 /* Parstagram */ = {
			isa = PBXNativeTarget;
			buildConfigurationList = 6A6E06F0237F7CF0004787A8 /* Build configuration list for PBXNativeTarget "Parstagram" */;
			buildPhases = (
				7C8F179385712ACAF8232FE6 /* [CP] Check Pods Manifest.lock */,
				6A6E06C2237F7CEE004787A8 /* Sources */,
				6A6E06C3237F7CEE004787A8 /* Frameworks */,
				6A6E06C4237F7CEE004787A8 /* Resources */,
				FEF6403103BC046D5CBAD149 /* [CP] Embed Pods Frameworks */,
			);
			buildRules = (
			);
			dependencies = (
			);
			name = Parstagram;
			productName = Parstagram;
			productReference = 6A6E06C6237F7CEE004787A8 /* Parstagram.app */;
			productType = "com.apple.product-type.application";
		};
		6A6E06DB237F7CF0004787A8 /* ParstagramTests */ = {
			isa = PBXNativeTarget;
			buildConfigurationList = 6A6E06F3237F7CF0004787A8 /* Build configuration list for PBXNativeTarget "ParstagramTests" */;
			buildPhases = (
				814E0915DDA700E8D7DB712E /* [CP] Check Pods Manifest.lock */,
				6A6E06D8237F7CF0004787A8 /* Sources */,
				6A6E06D9237F7CF0004787A8 /* Frameworks */,
				6A6E06DA237F7CF0004787A8 /* Resources */,
			);
			buildRules = (
			);
			dependencies = (
				6A6E06DE237F7CF0004787A8 /* PBXTargetDependency */,
			);
			name = ParstagramTests;
			productName = ParstagramTests;
			productReference = 6A6E06DC237F7CF0004787A8 /* ParstagramTests.xctest */;
			productType = "com.apple.product-type.bundle.unit-test";
		};
		6A6E06E6237F7CF0004787A8 /* ParstagramUITests */ = {
			isa = PBXNativeTarget;
			buildConfigurationList = 6A6E06F6237F7CF0004787A8 /* Build configuration list for PBXNativeTarget "ParstagramUITests" */;
			buildPhases = (
				EB0FBCDD7A25D753CE8B756A /* [CP] Check Pods Manifest.lock */,
				6A6E06E3237F7CF0004787A8 /* Sources */,
				6A6E06E4237F7CF0004787A8 /* Frameworks */,
				6A6E06E5237F7CF0004787A8 /* Resources */,
				CA463FB82FA7522182C931FF /* [CP] Embed Pods Frameworks */,
			);
			buildRules = (
			);
			dependencies = (
				6A6E06E9237F7CF0004787A8 /* PBXTargetDependency */,
			);
			name = ParstagramUITests;
			productName = ParstagramUITests;
			productReference = 6A6E06E7237F7CF0004787A8 /* ParstagramUITests.xctest */;
			productType = "com.apple.product-type.bundle.ui-testing";
		};
/* End PBXNativeTarget section */

/* Begin PBXProject section */
		6A6E06BE237F7CEE004787A8 /* Project object */ = {
			isa = PBXProject;
			attributes = {
				LastSwiftUpdateCheck = 1120;
				LastUpgradeCheck = 1120;
				ORGANIZATIONNAME = "Kevin Denis";
				TargetAttributes = {
					6A6E06C5237F7CEE004787A8 = {
						CreatedOnToolsVersion = 11.2.1;
					};
					6A6E06DB237F7CF0004787A8 = {
						CreatedOnToolsVersion = 11.2.1;
						TestTargetID = 6A6E06C5237F7CEE004787A8;
					};
					6A6E06E6237F7CF0004787A8 = {
						CreatedOnToolsVersion = 11.2.1;
						TestTargetID = 6A6E06C5237F7CEE004787A8;
					};
				};
			};
			buildConfigurationList = 6A6E06C1237F7CEE004787A8 /* Build configuration list for PBXProject "Parstagram" */;
			compatibilityVersion = "Xcode 9.3";
			developmentRegion = en;
			hasScannedForEncodings = 0;
			knownRegions = (
				en,
				Base,
			);
			mainGroup = 6A6E06BD237F7CEE004787A8;
			productRefGroup = 6A6E06C7237F7CEE004787A8 /* Products */;
			projectDirPath = "";
			projectRoot = "";
			targets = (
				6A6E06C5237F7CEE004787A8 /* Parstagram */,
				6A6E06DB237F7CF0004787A8 /* ParstagramTests */,
				6A6E06E6237F7CF0004787A8 /* ParstagramUITests */,
			);
		};
/* End PBXProject section */

/* Begin PBXResourcesBuildPhase section */
		6A6E06C4237F7CEE004787A8 /* Resources */ = {
			isa = PBXResourcesBuildPhase;
			buildActionMask = 2147483647;
			files = (
				6A6E06D6237F7CF0004787A8 /* LaunchScreen.storyboard in Resources */,
				6A6E06D3237F7CF0004787A8 /* Assets.xcassets in Resources */,
				6A6E06D1237F7CEE004787A8 /* Main.storyboard in Resources */,
			);
			runOnlyForDeploymentPostprocessing = 0;
		};
		6A6E06DA237F7CF0004787A8 /* Resources */ = {
			isa = PBXResourcesBuildPhase;
			buildActionMask = 2147483647;
			files = (
			);
			runOnlyForDeploymentPostprocessing = 0;
		};
		6A6E06E5237F7CF0004787A8 /* Resources */ = {
			isa = PBXResourcesBuildPhase;
			buildActionMask = 2147483647;
			files = (
			);
			runOnlyForDeploymentPostprocessing = 0;
		};
/* End PBXResourcesBuildPhase section */

/* Begin PBXShellScriptBuildPhase section */
		7C8F179385712ACAF8232FE6 /* [CP] Check Pods Manifest.lock */ = {
			isa = PBXShellScriptBuildPhase;
			buildActionMask = 2147483647;
			files = (
			);
			inputFileListPaths = (
			);
			inputPaths = (
				"${PODS_PODFILE_DIR_PATH}/Podfile.lock",
				"${PODS_ROOT}/Manifest.lock",
			);
			name = "[CP] Check Pods Manifest.lock";
			outputFileListPaths = (
			);
			outputPaths = (
				"$(DERIVED_FILE_DIR)/Pods-Parstagram-checkManifestLockResult.txt",
			);
			runOnlyForDeploymentPostprocessing = 0;
			shellPath = /bin/sh;
			shellScript = "diff \"${PODS_PODFILE_DIR_PATH}/Podfile.lock\" \"${PODS_ROOT}/Manifest.lock\" > /dev/null\nif [ $? != 0 ] ; then\n    # print error to STDERR\n    echo \"error: The sandbox is not in sync with the Podfile.lock. Run 'pod install' or update your CocoaPods installation.\" >&2\n    exit 1\nfi\n# This output is used by Xcode 'outputs' to avoid re-running this script phase.\necho \"SUCCESS\" > \"${SCRIPT_OUTPUT_FILE_0}\"\n";
			showEnvVarsInLog = 0;
		};
		814E0915DDA700E8D7DB712E /* [CP] Check Pods Manifest.lock */ = {
			isa = PBXShellScriptBuildPhase;
			buildActionMask = 2147483647;
			files = (
			);
			inputFileListPaths = (
			);
			inputPaths = (
				"${PODS_PODFILE_DIR_PATH}/Podfile.lock",
				"${PODS_ROOT}/Manifest.lock",
			);
			name = "[CP] Check Pods Manifest.lock";
			outputFileListPaths = (
			);
			outputPaths = (
				"$(DERIVED_FILE_DIR)/Pods-ParstagramTests-checkManifestLockResult.txt",
			);
			runOnlyForDeploymentPostprocessing = 0;
			shellPath = /bin/sh;
			shellScript = "diff \"${PODS_PODFILE_DIR_PATH}/Podfile.lock\" \"${PODS_ROOT}/Manifest.lock\" > /dev/null\nif [ $? != 0 ] ; then\n    # print error to STDERR\n    echo \"error: The sandbox is not in sync with the Podfile.lock. Run 'pod install' or update your CocoaPods installation.\" >&2\n    exit 1\nfi\n# This output is used by Xcode 'outputs' to avoid re-running this script phase.\necho \"SUCCESS\" > \"${SCRIPT_OUTPUT_FILE_0}\"\n";
			showEnvVarsInLog = 0;
		};
		CA463FB82FA7522182C931FF /* [CP] Embed Pods Frameworks */ = {
			isa = PBXShellScriptBuildPhase;
			buildActionMask = 2147483647;
			files = (
			);
			inputFileListPaths = (
				"${PODS_ROOT}/Target Support Files/Pods-Parstagram-ParstagramUITests/Pods-Parstagram-ParstagramUITests-frameworks-${CONFIGURATION}-input-files.xcfilelist",
			);
			name = "[CP] Embed Pods Frameworks";
			outputFileListPaths = (
				"${PODS_ROOT}/Target Support Files/Pods-Parstagram-ParstagramUITests/Pods-Parstagram-ParstagramUITests-frameworks-${CONFIGURATION}-output-files.xcfilelist",
			);
			runOnlyForDeploymentPostprocessing = 0;
			shellPath = /bin/sh;
			shellScript = "\"${PODS_ROOT}/Target Support Files/Pods-Parstagram-ParstagramUITests/Pods-Parstagram-ParstagramUITests-frameworks.sh\"\n";
			showEnvVarsInLog = 0;
		};
		EB0FBCDD7A25D753CE8B756A /* [CP] Check Pods Manifest.lock */ = {
			isa = PBXShellScriptBuildPhase;
			buildActionMask = 2147483647;
			files = (
			);
			inputFileListPaths = (
			);
			inputPaths = (
				"${PODS_PODFILE_DIR_PATH}/Podfile.lock",
				"${PODS_ROOT}/Manifest.lock",
			);
			name = "[CP] Check Pods Manifest.lock";
			outputFileListPaths = (
			);
			outputPaths = (
				"$(DERIVED_FILE_DIR)/Pods-Parstagram-ParstagramUITests-checkManifestLockResult.txt",
			);
			runOnlyForDeploymentPostprocessing = 0;
			shellPath = /bin/sh;
			shellScript = "diff \"${PODS_PODFILE_DIR_PATH}/Podfile.lock\" \"${PODS_ROOT}/Manifest.lock\" > /dev/null\nif [ $? != 0 ] ; then\n    # print error to STDERR\n    echo \"error: The sandbox is not in sync with the Podfile.lock. Run 'pod install' or update your CocoaPods installation.\" >&2\n    exit 1\nfi\n# This output is used by Xcode 'outputs' to avoid re-running this script phase.\necho \"SUCCESS\" > \"${SCRIPT_OUTPUT_FILE_0}\"\n";
			showEnvVarsInLog = 0;
		};
		FEF6403103BC046D5CBAD149 /* [CP] Embed Pods Frameworks */ = {
			isa = PBXShellScriptBuildPhase;
			buildActionMask = 2147483647;
			files = (
			);
			inputFileListPaths = (
				"${PODS_ROOT}/Target Support Files/Pods-Parstagram/Pods-Parstagram-frameworks-${CONFIGURATION}-input-files.xcfilelist",
			);
			name = "[CP] Embed Pods Frameworks";
			outputFileListPaths = (
				"${PODS_ROOT}/Target Support Files/Pods-Parstagram/Pods-Parstagram-frameworks-${CONFIGURATION}-output-files.xcfilelist",
			);
			runOnlyForDeploymentPostprocessing = 0;
			shellPath = /bin/sh;
			shellScript = "\"${PODS_ROOT}/Target Support Files/Pods-Parstagram/Pods-Parstagram-frameworks.sh\"\n";
			showEnvVarsInLog = 0;
		};
/* End PBXShellScriptBuildPhase section */

/* Begin PBXSourcesBuildPhase section */
		6A6E06C2237F7CEE004787A8 /* Sources */ = {
			isa = PBXSourcesBuildPhase;
			buildActionMask = 2147483647;
			files = (
				6AAFBA1F237F8B1900D6E853 /* LoginViewController.swift in Sources */,
				6A6E06CA237F7CEE004787A8 /* AppDelegate.swift in Sources */,
				6A6E06CC237F7CEE004787A8 /* SceneDelegate.swift in Sources */,
				6AAFBA21237F969800D6E853 /* ComposeViewController.swift in Sources */,
				6AAFBA29237FB7C200D6E853 /* FeedView.swift in Sources */,
				6AAFBA23237FB55A00D6E853 /* PostCell.swift in Sources */,
			);
			runOnlyForDeploymentPostprocessing = 0;
		};
		6A6E06D8237F7CF0004787A8 /* Sources */ = {
			isa = PBXSourcesBuildPhase;
			buildActionMask = 2147483647;
			files = (
				6A6E06E1237F7CF0004787A8 /* ParstagramTests.swift in Sources */,
			);
			runOnlyForDeploymentPostprocessing = 0;
		};
		6A6E06E3237F7CF0004787A8 /* Sources */ = {
			isa = PBXSourcesBuildPhase;
			buildActionMask = 2147483647;
			files = (
				6A6E06EC237F7CF0004787A8 /* ParstagramUITests.swift in Sources */,
			);
			runOnlyForDeploymentPostprocessing = 0;
		};
/* End PBXSourcesBuildPhase section */

/* Begin PBXTargetDependency section */
		6A6E06DE237F7CF0004787A8 /* PBXTargetDependency */ = {
			isa = PBXTargetDependency;
			target = 6A6E06C5237F7CEE004787A8 /* Parstagram */;
			targetProxy = 6A6E06DD237F7CF0004787A8 /* PBXContainerItemProxy */;
		};
		6A6E06E9237F7CF0004787A8 /* PBXTargetDependency */ = {
			isa = PBXTargetDependency;
			target = 6A6E06C5237F7CEE004787A8 /* Parstagram */;
			targetProxy = 6A6E06E8237F7CF0004787A8 /* PBXContainerItemProxy */;
		};
/* End PBXTargetDependency section */

/* Begin PBXVariantGroup section */
		6A6E06CF237F7CEE004787A8 /* Main.storyboard */ = {
			isa = PBXVariantGroup;
			children = (
				6A6E06D0237F7CEE004787A8 /* Base */,
			);
			name = Main.storyboard;
			sourceTree = "<group>";
		};
		6A6E06D4237F7CF0004787A8 /* LaunchScreen.storyboard */ = {
			isa = PBXVariantGroup;
			children = (
				6A6E06D5237F7CF0004787A8 /* Base */,
			);
			name = LaunchScreen.storyboard;
			sourceTree = "<group>";
		};
/* End PBXVariantGroup section */

/* Begin XCBuildConfiguration section */
		6A6E06EE237F7CF0004787A8 /* Debug */ = {
			isa = XCBuildConfiguration;
			buildSettings = {
				ALWAYS_SEARCH_USER_PATHS = NO;
				CLANG_ANALYZER_NONNULL = YES;
				CLANG_ANALYZER_NUMBER_OBJECT_CONVERSION = YES_AGGRESSIVE;
				CLANG_CXX_LANGUAGE_STANDARD = "gnu++14";
				CLANG_CXX_LIBRARY = "libc++";
				CLANG_ENABLE_MODULES = YES;
				CLANG_ENABLE_OBJC_ARC = YES;
				CLANG_ENABLE_OBJC_WEAK = YES;
				CLANG_WARN_BLOCK_CAPTURE_AUTORELEASING = YES;
				CLANG_WARN_BOOL_CONVERSION = YES;
				CLANG_WARN_COMMA = YES;
				CLANG_WARN_CONSTANT_CONVERSION = YES;
				CLANG_WARN_DEPRECATED_OBJC_IMPLEMENTATIONS = YES;
				CLANG_WARN_DIRECT_OBJC_ISA_USAGE = YES_ERROR;
				CLANG_WARN_DOCUMENTATION_COMMENTS = YES;
				CLANG_WARN_EMPTY_BODY = YES;
				CLANG_WARN_ENUM_CONVERSION = YES;
				CLANG_WARN_INFINITE_RECURSION = YES;
				CLANG_WARN_INT_CONVERSION = YES;
				CLANG_WARN_NON_LITERAL_NULL_CONVERSION = YES;
				CLANG_WARN_OBJC_IMPLICIT_RETAIN_SELF = YES;
				CLANG_WARN_OBJC_LITERAL_CONVERSION = YES;
				CLANG_WARN_OBJC_ROOT_CLASS = YES_ERROR;
				CLANG_WARN_RANGE_LOOP_ANALYSIS = YES;
				CLANG_WARN_STRICT_PROTOTYPES = YES;
				CLANG_WARN_SUSPICIOUS_MOVE = YES;
				CLANG_WARN_UNGUARDED_AVAILABILITY = YES_AGGRESSIVE;
				CLANG_WARN_UNREACHABLE_CODE = YES;
				CLANG_WARN__DUPLICATE_METHOD_MATCH = YES;
				COPY_PHASE_STRIP = NO;
				DEBUG_INFORMATION_FORMAT = dwarf;
				ENABLE_STRICT_OBJC_MSGSEND = YES;
				ENABLE_TESTABILITY = YES;
				GCC_C_LANGUAGE_STANDARD = gnu11;
				GCC_DYNAMIC_NO_PIC = NO;
				GCC_NO_COMMON_BLOCKS = YES;
				GCC_OPTIMIZATION_LEVEL = 0;
				GCC_PREPROCESSOR_DEFINITIONS = (
					"DEBUG=1",
					"$(inherited)",
				);
				GCC_WARN_64_TO_32_BIT_CONVERSION = YES;
				GCC_WARN_ABOUT_RETURN_TYPE = YES_ERROR;
				GCC_WARN_UNDECLARED_SELECTOR = YES;
				GCC_WARN_UNINITIALIZED_AUTOS = YES_AGGRESSIVE;
				GCC_WARN_UNUSED_FUNCTION = YES;
				GCC_WARN_UNUSED_VARIABLE = YES;
				IPHONEOS_DEPLOYMENT_TARGET = 13.2;
				MTL_ENABLE_DEBUG_INFO = INCLUDE_SOURCE;
				MTL_FAST_MATH = YES;
				ONLY_ACTIVE_ARCH = YES;
				SDKROOT = iphoneos;
				SWIFT_ACTIVE_COMPILATION_CONDITIONS = DEBUG;
				SWIFT_OPTIMIZATION_LEVEL = "-Onone";
			};
			name = Debug;
		};
		6A6E06EF237F7CF0004787A8 /* Release */ = {
			isa = XCBuildConfiguration;
			buildSettings = {
				ALWAYS_SEARCH_USER_PATHS = NO;
				CLANG_ANALYZER_NONNULL = YES;
				CLANG_ANALYZER_NUMBER_OBJECT_CONVERSION = YES_AGGRESSIVE;
				CLANG_CXX_LANGUAGE_STANDARD = "gnu++14";
				CLANG_CXX_LIBRARY = "libc++";
				CLANG_ENABLE_MODULES = YES;
				CLANG_ENABLE_OBJC_ARC = YES;
				CLANG_ENABLE_OBJC_WEAK = YES;
				CLANG_WARN_BLOCK_CAPTURE_AUTORELEASING = YES;
				CLANG_WARN_BOOL_CONVERSION = YES;
				CLANG_WARN_COMMA = YES;
				CLANG_WARN_CONSTANT_CONVERSION = YES;
				CLANG_WARN_DEPRECATED_OBJC_IMPLEMENTATIONS = YES;
				CLANG_WARN_DIRECT_OBJC_ISA_USAGE = YES_ERROR;
				CLANG_WARN_DOCUMENTATION_COMMENTS = YES;
				CLANG_WARN_EMPTY_BODY = YES;
				CLANG_WARN_ENUM_CONVERSION = YES;
				CLANG_WARN_INFINITE_RECURSION = YES;
				CLANG_WARN_INT_CONVERSION = YES;
				CLANG_WARN_NON_LITERAL_NULL_CONVERSION = YES;
				CLANG_WARN_OBJC_IMPLICIT_RETAIN_SELF = YES;
				CLANG_WARN_OBJC_LITERAL_CONVERSION = YES;
				CLANG_WARN_OBJC_ROOT_CLASS = YES_ERROR;
				CLANG_WARN_RANGE_LOOP_ANALYSIS = YES;
				CLANG_WARN_STRICT_PROTOTYPES = YES;
				CLANG_WARN_SUSPICIOUS_MOVE = YES;
				CLANG_WARN_UNGUARDED_AVAILABILITY = YES_AGGRESSIVE;
				CLANG_WARN_UNREACHABLE_CODE = YES;
				CLANG_WARN__DUPLICATE_METHOD_MATCH = YES;
				COPY_PHASE_STRIP = NO;
				DEBUG_INFORMATION_FORMAT = "dwarf-with-dsym";
				ENABLE_NS_ASSERTIONS = NO;
				ENABLE_STRICT_OBJC_MSGSEND = YES;
				GCC_C_LANGUAGE_STANDARD = gnu11;
				GCC_NO_COMMON_BLOCKS = YES;
				GCC_WARN_64_TO_32_BIT_CONVERSION = YES;
				GCC_WARN_ABOUT_RETURN_TYPE = YES_ERROR;
				GCC_WARN_UNDECLARED_SELECTOR = YES;
				GCC_WARN_UNINITIALIZED_AUTOS = YES_AGGRESSIVE;
				GCC_WARN_UNUSED_FUNCTION = YES;
				GCC_WARN_UNUSED_VARIABLE = YES;
				IPHONEOS_DEPLOYMENT_TARGET = 13.2;
				MTL_ENABLE_DEBUG_INFO = NO;
				MTL_FAST_MATH = YES;
				SDKROOT = iphoneos;
				SWIFT_COMPILATION_MODE = wholemodule;
				SWIFT_OPTIMIZATION_LEVEL = "-O";
				VALIDATE_PRODUCT = YES;
			};
			name = Release;
		};
		6A6E06F1237F7CF0004787A8 /* Debug */ = {
			isa = XCBuildConfiguration;
			baseConfigurationReference = A199BE0F8EF52A29B51AEB65 /* Pods-Parstagram.debug.xcconfig */;
			buildSettings = {
				ASSETCATALOG_COMPILER_APPICON_NAME = AppIcon;
				CODE_SIGN_STYLE = Automatic;
				INFOPLIST_FILE = Parstagram/Info.plist;
				LD_RUNPATH_SEARCH_PATHS = (
					"$(inherited)",
					"@executable_path/Frameworks",
				);
				PRODUCT_BUNDLE_IDENTIFIER = "www.linkedin.com-in-kevin-denis2022-.Parstagram";
				PRODUCT_NAME = "$(TARGET_NAME)";
				SWIFT_VERSION = 5.0;
				TARGETED_DEVICE_FAMILY = "1,2";
			};
			name = Debug;
		};
		6A6E06F2237F7CF0004787A8 /* Release */ = {
			isa = XCBuildConfiguration;
			baseConfigurationReference = 7E17EA6AD021443AE822AA8E /* Pods-Parstagram.release.xcconfig */;
			buildSettings = {
				ASSETCATALOG_COMPILER_APPICON_NAME = AppIcon;
				CODE_SIGN_STYLE = Automatic;
				INFOPLIST_FILE = Parstagram/Info.plist;
				LD_RUNPATH_SEARCH_PATHS = (
					"$(inherited)",
					"@executable_path/Frameworks",
				);
				PRODUCT_BUNDLE_IDENTIFIER = "www.linkedin.com-in-kevin-denis2022-.Parstagram";
				PRODUCT_NAME = "$(TARGET_NAME)";
				SWIFT_VERSION = 5.0;
				TARGETED_DEVICE_FAMILY = "1,2";
			};
			name = Release;
		};
		6A6E06F4237F7CF0004787A8 /* Debug */ = {
			isa = XCBuildConfiguration;
			baseConfigurationReference = D9393A66E6EA813C3A921DFA /* Pods-ParstagramTests.debug.xcconfig */;
			buildSettings = {
				ALWAYS_EMBED_SWIFT_STANDARD_LIBRARIES = YES;
				BUNDLE_LOADER = "$(TEST_HOST)";
				CODE_SIGN_STYLE = Automatic;
				INFOPLIST_FILE = ParstagramTests/Info.plist;
				IPHONEOS_DEPLOYMENT_TARGET = 13.2;
				LD_RUNPATH_SEARCH_PATHS = (
					"$(inherited)",
					"@executable_path/Frameworks",
					"@loader_path/Frameworks",
				);
				PRODUCT_BUNDLE_IDENTIFIER = "www.linkedin.com-in-kevin-denis2022-.ParstagramTests";
				PRODUCT_NAME = "$(TARGET_NAME)";
				SWIFT_VERSION = 5.0;
				TARGETED_DEVICE_FAMILY = "1,2";
				TEST_HOST = "$(BUILT_PRODUCTS_DIR)/Parstagram.app/Parstagram";
			};
			name = Debug;
		};
		6A6E06F5237F7CF0004787A8 /* Release */ = {
			isa = XCBuildConfiguration;
			baseConfigurationReference = DB95B721A4C24D4CA170C67E /* Pods-ParstagramTests.release.xcconfig */;
			buildSettings = {
				ALWAYS_EMBED_SWIFT_STANDARD_LIBRARIES = YES;
				BUNDLE_LOADER = "$(TEST_HOST)";
				CODE_SIGN_STYLE = Automatic;
				INFOPLIST_FILE = ParstagramTests/Info.plist;
				IPHONEOS_DEPLOYMENT_TARGET = 13.2;
				LD_RUNPATH_SEARCH_PATHS = (
					"$(inherited)",
					"@executable_path/Frameworks",
					"@loader_path/Frameworks",
				);
				PRODUCT_BUNDLE_IDENTIFIER = "www.linkedin.com-in-kevin-denis2022-.ParstagramTests";
				PRODUCT_NAME = "$(TARGET_NAME)";
				SWIFT_VERSION = 5.0;
				TARGETED_DEVICE_FAMILY = "1,2";
				TEST_HOST = "$(BUILT_PRODUCTS_DIR)/Parstagram.app/Parstagram";
			};
			name = Release;
		};
		6A6E06F7237F7CF0004787A8 /* Debug */ = {
			isa = XCBuildConfiguration;
			baseConfigurationReference = B591C07947777C66E3E41723 /* Pods-Parstagram-ParstagramUITests.debug.xcconfig */;
			buildSettings = {
				ALWAYS_EMBED_SWIFT_STANDARD_LIBRARIES = YES;
				CODE_SIGN_STYLE = Automatic;
				INFOPLIST_FILE = ParstagramUITests/Info.plist;
				LD_RUNPATH_SEARCH_PATHS = (
					"$(inherited)",
					"@executable_path/Frameworks",
					"@loader_path/Frameworks",
				);
				PRODUCT_BUNDLE_IDENTIFIER = "www.linkedin.com-in-kevin-denis2022-.ParstagramUITests";
				PRODUCT_NAME = "$(TARGET_NAME)";
				SWIFT_VERSION = 5.0;
				TARGETED_DEVICE_FAMILY = "1,2";
				TEST_TARGET_NAME = Parstagram;
			};
			name = Debug;
		};
		6A6E06F8237F7CF0004787A8 /* Release */ = {
			isa = XCBuildConfiguration;
			baseConfigurationReference = 13E4C0750A585D3874D606E5 /* Pods-Parstagram-ParstagramUITests.release.xcconfig */;
			buildSettings = {
				ALWAYS_EMBED_SWIFT_STANDARD_LIBRARIES = YES;
				CODE_SIGN_STYLE = Automatic;
				INFOPLIST_FILE = ParstagramUITests/Info.plist;
				LD_RUNPATH_SEARCH_PATHS = (
					"$(inherited)",
					"@executable_path/Frameworks",
					"@loader_path/Frameworks",
				);
				PRODUCT_BUNDLE_IDENTIFIER = "www.linkedin.com-in-kevin-denis2022-.ParstagramUITests";
				PRODUCT_NAME = "$(TARGET_NAME)";
				SWIFT_VERSION = 5.0;
				TARGETED_DEVICE_FAMILY = "1,2";
				TEST_TARGET_NAME = Parstagram;
			};
			name = Release;
		};
/* End XCBuildConfiguration section */

/* Begin XCConfigurationList section */
		6A6E06C1237F7CEE004787A8 /* Build configuration list for PBXProject "Parstagram" */ = {
			isa = XCConfigurationList;
			buildConfigurations = (
				6A6E06EE237F7CF0004787A8 /* Debug */,
				6A6E06EF237F7CF0004787A8 /* Release */,
			);
			defaultConfigurationIsVisible = 0;
			defaultConfigurationName = Release;
		};
		6A6E06F0237F7CF0004787A8 /* Build configuration list for PBXNativeTarget "Parstagram" */ = {
			isa = XCConfigurationList;
			buildConfigurations = (
				6A6E06F1237F7CF0004787A8 /* Debug */,
				6A6E06F2237F7CF0004787A8 /* Release */,
			);
			defaultConfigurationIsVisible = 0;
			defaultConfigurationName = Release;
		};
		6A6E06F3237F7CF0004787A8 /* Build configuration list for PBXNativeTarget "ParstagramTests" */ = {
			isa = XCConfigurationList;
			buildConfigurations = (
				6A6E06F4237F7CF0004787A8 /* Debug */,
				6A6E06F5237F7CF0004787A8 /* Release */,
			);
			defaultConfigurationIsVisible = 0;
			defaultConfigurationName = Release;
		};
		6A6E06F6237F7CF0004787A8 /* Build configuration list for PBXNativeTarget "ParstagramUITests" */ = {
			isa = XCConfigurationList;
			buildConfigurations = (
				6A6E06F7237F7CF0004787A8 /* Debug */,
				6A6E06F8237F7CF0004787A8 /* Release */,
			);
			defaultConfigurationIsVisible = 0;
			defaultConfigurationName = Release;
		};
/* End XCConfigurationList section */
	};
	rootObject = 6A6E06BE237F7CEE004787A8 /* Project object */;
}
